// !$*UTF8*$!
{
	archiveVersion = 1;
	classes = {
	};
	objectVersion = 56;
	objects = {

/* Begin PBXBuildFile section */
		5D834EEC29C1876F000B1FBB /* CodableWrappers in Frameworks */ = {isa = PBXBuildFile; productRef = 5D834EEB29C1876F000B1FBB /* CodableWrappers */; };
		5DABFBC429C4007E0062D867 /* SwiftUI+View.swift in Sources */ = {isa = PBXBuildFile; fileRef = 5DABFBC329C4007E0062D867 /* SwiftUI+View.swift */; };
		5DABFBC729C404F00062D867 /* ItemListView.swift in Sources */ = {isa = PBXBuildFile; fileRef = 5DABFBC629C404F00062D867 /* ItemListView.swift */; };
		5DABFBCD29C421B50062D867 /* ItemSetVO.swift in Sources */ = {isa = PBXBuildFile; fileRef = 5DABFBCC29C421B50062D867 /* ItemSetVO.swift */; };
		5DAE0C1929BFFEFF00C323E2 /* DalculatorApp.swift in Sources */ = {isa = PBXBuildFile; fileRef = 5DAE0C1829BFFEFF00C323E2 /* DalculatorApp.swift */; };
		5DAE0C1B29BFFEFF00C323E2 /* ContentView.swift in Sources */ = {isa = PBXBuildFile; fileRef = 5DAE0C1A29BFFEFF00C323E2 /* ContentView.swift */; };
		5DAE0C1D29BFFF0200C323E2 /* Assets.xcassets in Resources */ = {isa = PBXBuildFile; fileRef = 5DAE0C1C29BFFF0200C323E2 /* Assets.xcassets */; };
		5DAE0C2129BFFF0200C323E2 /* Preview Assets.xcassets in Resources */ = {isa = PBXBuildFile; fileRef = 5DAE0C2029BFFF0200C323E2 /* Preview Assets.xcassets */; };
		5DAE0C2B29BFFF0200C323E2 /* DalculatorTests.swift in Sources */ = {isa = PBXBuildFile; fileRef = 5DAE0C2A29BFFF0200C323E2 /* DalculatorTests.swift */; };
		5DAE0C3529BFFF0200C323E2 /* DalculatorUITests.swift in Sources */ = {isa = PBXBuildFile; fileRef = 5DAE0C3429BFFF0200C323E2 /* DalculatorUITests.swift */; };
		5DAE0C3729BFFF0200C323E2 /* DalculatorUITestsLaunchTests.swift in Sources */ = {isa = PBXBuildFile; fileRef = 5DAE0C3629BFFF0200C323E2 /* DalculatorUITestsLaunchTests.swift */; };
		5DAE0C4729C00A7600C323E2 /* WindowDelegate.swift in Sources */ = {isa = PBXBuildFile; fileRef = 5DAE0C4629C00A7600C323E2 /* WindowDelegate.swift */; };
		5DAE0C4929C00A8000C323E2 /* AppDelegate.swift in Sources */ = {isa = PBXBuildFile; fileRef = 5DAE0C4829C00A8000C323E2 /* AppDelegate.swift */; };
		5DAE0C5029C00DD100C323E2 /* SwiftUI+Resources.swift in Sources */ = {isa = PBXBuildFile; fileRef = 5DAE0C4F29C00DD100C323E2 /* SwiftUI+Resources.swift */; };
		5DAE0C5329C00F5F00C323E2 /* RswiftLibrary in Frameworks */ = {isa = PBXBuildFile; productRef = 5DAE0C5229C00F5F00C323E2 /* RswiftLibrary */; };
		5DAE0C5729C0101000C323E2 /* MainRootView.swift in Sources */ = {isa = PBXBuildFile; fileRef = 5DAE0C5629C0101000C323E2 /* MainRootView.swift */; };
		5DAE140029C015D800C323E2 /* SettingView.swift in Sources */ = {isa = PBXBuildFile; fileRef = 5DAE13FF29C015D800C323E2 /* SettingView.swift */; };
		5DAE140229C015DD00C323E2 /* HomeMenuView.swift in Sources */ = {isa = PBXBuildFile; fileRef = 5DAE140129C015DD00C323E2 /* HomeMenuView.swift */; };
		5DAE140529C0160000C323E2 /* Constants.swift in Sources */ = {isa = PBXBuildFile; fileRef = 5DAE140429C0160000C323E2 /* Constants.swift */; };
		5DAE140929C02D2A00C323E2 /* armorbase.json in Resources */ = {isa = PBXBuildFile; fileRef = 5DAE140829C02D2A00C323E2 /* armorbase.json */; };
		5DAE141029C02D5200C323E2 /* dfclass.json in Resources */ = {isa = PBXBuildFile; fileRef = 5DAE140A29C02D5200C323E2 /* dfclass.json */; };
		5DAE141129C02D5200C323E2 /* items.json in Resources */ = {isa = PBXBuildFile; fileRef = 5DAE140B29C02D5200C323E2 /* items.json */; };
		5DAE141229C02D5200C323E2 /* left.json in Resources */ = {isa = PBXBuildFile; fileRef = 5DAE140D29C02D5200C323E2 /* left.json */; };
		5DAE141329C02D5200C323E2 /* right.json in Resources */ = {isa = PBXBuildFile; fileRef = 5DAE140E29C02D5200C323E2 /* right.json */; };
		5DAE141429C02D5200C323E2 /* itemsets.json in Resources */ = {isa = PBXBuildFile; fileRef = 5DAE140F29C02D5200C323E2 /* itemsets.json */; };
		5DAE141629C02E3F00C323E2 /* magicProps.json in Resources */ = {isa = PBXBuildFile; fileRef = 5DAE141529C02E3F00C323E2 /* magicProps.json */; };
		5DAE141C29C0350C00C323E2 /* ShapeStyle.swift in Sources */ = {isa = PBXBuildFile; fileRef = 5DAE141B29C0350C00C323E2 /* ShapeStyle.swift */; };
		5DAE141E29C0366300C323E2 /* EquipmentView.swift in Sources */ = {isa = PBXBuildFile; fileRef = 5DAE141D29C0366300C323E2 /* EquipmentView.swift */; };
		5DAE142129C0367400C323E2 /* BlacksmithView.swift in Sources */ = {isa = PBXBuildFile; fileRef = 5DAE142029C0367400C323E2 /* BlacksmithView.swift */; };
		5DAE142329C0368400C323E2 /* AvatarView.swift in Sources */ = {isa = PBXBuildFile; fileRef = 5DAE142229C0368400C323E2 /* AvatarView.swift */; };
		5DAE142529C0368900C323E2 /* SealView.swift in Sources */ = {isa = PBXBuildFile; fileRef = 5DAE142429C0368900C323E2 /* SealView.swift */; };
		5DAE142729C0368E00C323E2 /* EtcView.swift in Sources */ = {isa = PBXBuildFile; fileRef = 5DAE142629C0368E00C323E2 /* EtcView.swift */; };
		5DAE142A29C038FE00C323E2 /* ChampionVO.swift in Sources */ = {isa = PBXBuildFile; fileRef = 5DAE142929C038FE00C323E2 /* ChampionVO.swift */; };
		5DAE143329C03F9100C323E2 /* EquipmentViewModel.swift in Sources */ = {isa = PBXBuildFile; fileRef = 5DAE143229C03F9100C323E2 /* EquipmentViewModel.swift */; };
		5DAE143729C04B3C00C323E2 /* FileLoader.swift in Sources */ = {isa = PBXBuildFile; fileRef = 5DAE143629C04B3C00C323E2 /* FileLoader.swift */; };
		5DAE143B29C05E9800C323E2 /* ItemVO.swift in Sources */ = {isa = PBXBuildFile; fileRef = 5DAE143A29C05E9800C323E2 /* ItemVO.swift */; };
		5DAE144129C157BD00C323E2 /* Convenience.swift in Sources */ = {isa = PBXBuildFile; fileRef = 5DAE144029C157BD00C323E2 /* Convenience.swift */; };
/* End PBXBuildFile section */

/* Begin PBXContainerItemProxy section */
		5DAE0C2729BFFF0200C323E2 /* PBXContainerItemProxy */ = {
			isa = PBXContainerItemProxy;
			containerPortal = 5DAE0C0D29BFFEFF00C323E2 /* Project object */;
			proxyType = 1;
			remoteGlobalIDString = 5DAE0C1429BFFEFF00C323E2;
			remoteInfo = Dalculator;
		};
		5DAE0C3129BFFF0200C323E2 /* PBXContainerItemProxy */ = {
			isa = PBXContainerItemProxy;
			containerPortal = 5DAE0C0D29BFFEFF00C323E2 /* Project object */;
			proxyType = 1;
			remoteGlobalIDString = 5DAE0C1429BFFEFF00C323E2;
			remoteInfo = Dalculator;
		};
/* End PBXContainerItemProxy section */

/* Begin PBXFileReference section */
		5DABFBC329C4007E0062D867 /* SwiftUI+View.swift */ = {isa = PBXFileReference; lastKnownFileType = sourcecode.swift; path = "SwiftUI+View.swift"; sourceTree = "<group>"; };
		5DABFBC629C404F00062D867 /* ItemListView.swift */ = {isa = PBXFileReference; lastKnownFileType = sourcecode.swift; path = ItemListView.swift; sourceTree = "<group>"; };
		5DABFBCC29C421B50062D867 /* ItemSetVO.swift */ = {isa = PBXFileReference; lastKnownFileType = sourcecode.swift; path = ItemSetVO.swift; sourceTree = "<group>"; };
		5DAE0C1529BFFEFF00C323E2 /* Dalculator.app */ = {isa = PBXFileReference; explicitFileType = wrapper.application; includeInIndex = 0; path = Dalculator.app; sourceTree = BUILT_PRODUCTS_DIR; };
		5DAE0C1829BFFEFF00C323E2 /* DalculatorApp.swift */ = {isa = PBXFileReference; lastKnownFileType = sourcecode.swift; path = DalculatorApp.swift; sourceTree = "<group>"; };
		5DAE0C1A29BFFEFF00C323E2 /* ContentView.swift */ = {isa = PBXFileReference; lastKnownFileType = sourcecode.swift; path = ContentView.swift; sourceTree = "<group>"; };
		5DAE0C1C29BFFF0200C323E2 /* Assets.xcassets */ = {isa = PBXFileReference; lastKnownFileType = folder.assetcatalog; path = Assets.xcassets; sourceTree = "<group>"; };
		5DAE0C1E29BFFF0200C323E2 /* Dalculator.entitlements */ = {isa = PBXFileReference; lastKnownFileType = text.plist.entitlements; path = Dalculator.entitlements; sourceTree = "<group>"; };
		5DAE0C2029BFFF0200C323E2 /* Preview Assets.xcassets */ = {isa = PBXFileReference; lastKnownFileType = folder.assetcatalog; path = "Preview Assets.xcassets"; sourceTree = "<group>"; };
		5DAE0C2629BFFF0200C323E2 /* DalculatorTests.xctest */ = {isa = PBXFileReference; explicitFileType = wrapper.cfbundle; includeInIndex = 0; path = DalculatorTests.xctest; sourceTree = BUILT_PRODUCTS_DIR; };
		5DAE0C2A29BFFF0200C323E2 /* DalculatorTests.swift */ = {isa = PBXFileReference; lastKnownFileType = sourcecode.swift; path = DalculatorTests.swift; sourceTree = "<group>"; };
		5DAE0C3029BFFF0200C323E2 /* DalculatorUITests.xctest */ = {isa = PBXFileReference; explicitFileType = wrapper.cfbundle; includeInIndex = 0; path = DalculatorUITests.xctest; sourceTree = BUILT_PRODUCTS_DIR; };
		5DAE0C3429BFFF0200C323E2 /* DalculatorUITests.swift */ = {isa = PBXFileReference; lastKnownFileType = sourcecode.swift; path = DalculatorUITests.swift; sourceTree = "<group>"; };
		5DAE0C3629BFFF0200C323E2 /* DalculatorUITestsLaunchTests.swift */ = {isa = PBXFileReference; lastKnownFileType = sourcecode.swift; path = DalculatorUITestsLaunchTests.swift; sourceTree = "<group>"; };
		5DAE0C4629C00A7600C323E2 /* WindowDelegate.swift */ = {isa = PBXFileReference; lastKnownFileType = sourcecode.swift; path = WindowDelegate.swift; sourceTree = "<group>"; };
		5DAE0C4829C00A8000C323E2 /* AppDelegate.swift */ = {isa = PBXFileReference; lastKnownFileType = sourcecode.swift; path = AppDelegate.swift; sourceTree = "<group>"; };
		5DAE0C4F29C00DD100C323E2 /* SwiftUI+Resources.swift */ = {isa = PBXFileReference; lastKnownFileType = sourcecode.swift; path = "SwiftUI+Resources.swift"; sourceTree = "<group>"; };
		5DAE0C5629C0101000C323E2 /* MainRootView.swift */ = {isa = PBXFileReference; lastKnownFileType = sourcecode.swift; path = MainRootView.swift; sourceTree = "<group>"; };
		5DAE13FF29C015D800C323E2 /* SettingView.swift */ = {isa = PBXFileReference; lastKnownFileType = sourcecode.swift; path = SettingView.swift; sourceTree = "<group>"; };
		5DAE140129C015DD00C323E2 /* HomeMenuView.swift */ = {isa = PBXFileReference; lastKnownFileType = sourcecode.swift; path = HomeMenuView.swift; sourceTree = "<group>"; };
		5DAE140429C0160000C323E2 /* Constants.swift */ = {isa = PBXFileReference; lastKnownFileType = sourcecode.swift; path = Constants.swift; sourceTree = "<group>"; };
		5DAE140829C02D2A00C323E2 /* armorbase.json */ = {isa = PBXFileReference; fileEncoding = 4; lastKnownFileType = text.json; path = armorbase.json; sourceTree = "<group>"; };
		5DAE140A29C02D5200C323E2 /* dfclass.json */ = {isa = PBXFileReference; fileEncoding = 4; lastKnownFileType = text.json; path = dfclass.json; sourceTree = "<group>"; };
		5DAE140B29C02D5200C323E2 /* items.json */ = {isa = PBXFileReference; fileEncoding = 4; lastKnownFileType = text.json; path = items.json; sourceTree = "<group>"; };
		5DAE140D29C02D5200C323E2 /* left.json */ = {isa = PBXFileReference; fileEncoding = 4; lastKnownFileType = text.json; path = left.json; sourceTree = "<group>"; };
		5DAE140E29C02D5200C323E2 /* right.json */ = {isa = PBXFileReference; fileEncoding = 4; lastKnownFileType = text.json; path = right.json; sourceTree = "<group>"; };
		5DAE140F29C02D5200C323E2 /* itemsets.json */ = {isa = PBXFileReference; fileEncoding = 4; lastKnownFileType = text.json; path = itemsets.json; sourceTree = "<group>"; };
		5DAE141529C02E3F00C323E2 /* magicProps.json */ = {isa = PBXFileReference; fileEncoding = 4; lastKnownFileType = text.json; path = magicProps.json; sourceTree = "<group>"; };
		5DAE141B29C0350C00C323E2 /* ShapeStyle.swift */ = {isa = PBXFileReference; lastKnownFileType = sourcecode.swift; path = ShapeStyle.swift; sourceTree = "<group>"; };
		5DAE141D29C0366300C323E2 /* EquipmentView.swift */ = {isa = PBXFileReference; lastKnownFileType = sourcecode.swift; path = EquipmentView.swift; sourceTree = "<group>"; };
		5DAE142029C0367400C323E2 /* BlacksmithView.swift */ = {isa = PBXFileReference; lastKnownFileType = sourcecode.swift; path = BlacksmithView.swift; sourceTree = "<group>"; };
		5DAE142229C0368400C323E2 /* AvatarView.swift */ = {isa = PBXFileReference; lastKnownFileType = sourcecode.swift; path = AvatarView.swift; sourceTree = "<group>"; };
		5DAE142429C0368900C323E2 /* SealView.swift */ = {isa = PBXFileReference; lastKnownFileType = sourcecode.swift; path = SealView.swift; sourceTree = "<group>"; };
		5DAE142629C0368E00C323E2 /* EtcView.swift */ = {isa = PBXFileReference; lastKnownFileType = sourcecode.swift; path = EtcView.swift; sourceTree = "<group>"; };
		5DAE142929C038FE00C323E2 /* ChampionVO.swift */ = {isa = PBXFileReference; lastKnownFileType = sourcecode.swift; path = ChampionVO.swift; sourceTree = "<group>"; };
		5DAE143229C03F9100C323E2 /* EquipmentViewModel.swift */ = {isa = PBXFileReference; lastKnownFileType = sourcecode.swift; path = EquipmentViewModel.swift; sourceTree = "<group>"; };
		5DAE143429C0426C00C323E2 /* Info.plist */ = {isa = PBXFileReference; lastKnownFileType = text.plist; path = Info.plist; sourceTree = "<group>"; };
		5DAE143629C04B3C00C323E2 /* FileLoader.swift */ = {isa = PBXFileReference; lastKnownFileType = sourcecode.swift; path = FileLoader.swift; sourceTree = "<group>"; };
		5DAE143A29C05E9800C323E2 /* ItemVO.swift */ = {isa = PBXFileReference; lastKnownFileType = sourcecode.swift; path = ItemVO.swift; sourceTree = "<group>"; };
		5DAE144029C157BD00C323E2 /* Convenience.swift */ = {isa = PBXFileReference; lastKnownFileType = sourcecode.swift; path = Convenience.swift; sourceTree = "<group>"; };
/* End PBXFileReference section */

/* Begin PBXFrameworksBuildPhase section */
		5DAE0C1229BFFEFF00C323E2 /* Frameworks */ = {
			isa = PBXFrameworksBuildPhase;
			buildActionMask = 2147483647;
			files = (
				5DAE0C5329C00F5F00C323E2 /* RswiftLibrary in Frameworks */,
				5D834EEC29C1876F000B1FBB /* CodableWrappers in Frameworks */,
			);
			runOnlyForDeploymentPostprocessing = 0;
		};
		5DAE0C2329BFFF0200C323E2 /* Frameworks */ = {
			isa = PBXFrameworksBuildPhase;
			buildActionMask = 2147483647;
			files = (
			);
			runOnlyForDeploymentPostprocessing = 0;
		};
		5DAE0C2D29BFFF0200C323E2 /* Frameworks */ = {
			isa = PBXFrameworksBuildPhase;
			buildActionMask = 2147483647;
			files = (
			);
			runOnlyForDeploymentPostprocessing = 0;
		};
/* End PBXFrameworksBuildPhase section */

/* Begin PBXGroup section */
		5DAE0C0C29BFFEFF00C323E2 = {
			isa = PBXGroup;
			children = (
				5DAE0C1729BFFEFF00C323E2 /* Dalculator */,
				5DAE0C2929BFFF0200C323E2 /* DalculatorTests */,
				5DAE0C3329BFFF0200C323E2 /* DalculatorUITests */,
				5DAE0C1629BFFEFF00C323E2 /* Products */,
			);
			sourceTree = "<group>";
		};
		5DAE0C1629BFFEFF00C323E2 /* Products */ = {
			isa = PBXGroup;
			children = (
				5DAE0C1529BFFEFF00C323E2 /* Dalculator.app */,
				5DAE0C2629BFFF0200C323E2 /* DalculatorTests.xctest */,
				5DAE0C3029BFFF0200C323E2 /* DalculatorUITests.xctest */,
			);
			name = Products;
			sourceTree = "<group>";
		};
		5DAE0C1729BFFEFF00C323E2 /* Dalculator */ = {
			isa = PBXGroup;
			children = (
				5DAE143429C0426C00C323E2 /* Info.plist */,
				5DAE0C1E29BFFF0200C323E2 /* Dalculator.entitlements */,
				5DAE141929C034F800C323E2 /* Common */,
				5DAE140329C015F600C323E2 /* Constants */,
				5DAE0C4529C008E400C323E2 /* Data */,
				5DAE0C4329C0083E00C323E2 /* App */,
				5DAE0C4A29C00D1700C323E2 /* View */,
				5DAE0C4B29C00D2100C323E2 /* Model */,
				5DAE0C4D29C00DA000C323E2 /* Extension */,
				5DAE0C4E29C00DB100C323E2 /* Service */,
				5DAE0C4429C0087300C323E2 /* Resources */,
			);
			path = Dalculator;
			sourceTree = "<group>";
		};
		5DAE0C1F29BFFF0200C323E2 /* Preview Content */ = {
			isa = PBXGroup;
			children = (
				5DAE0C2029BFFF0200C323E2 /* Preview Assets.xcassets */,
			);
			path = "Preview Content";
			sourceTree = "<group>";
		};
		5DAE0C2929BFFF0200C323E2 /* DalculatorTests */ = {
			isa = PBXGroup;
			children = (
				5DAE0C2A29BFFF0200C323E2 /* DalculatorTests.swift */,
			);
			path = DalculatorTests;
			sourceTree = "<group>";
		};
		5DAE0C3329BFFF0200C323E2 /* DalculatorUITests */ = {
			isa = PBXGroup;
			children = (
				5DAE0C3429BFFF0200C323E2 /* DalculatorUITests.swift */,
				5DAE0C3629BFFF0200C323E2 /* DalculatorUITestsLaunchTests.swift */,
			);
			path = DalculatorUITests;
			sourceTree = "<group>";
		};
		5DAE0C4329C0083E00C323E2 /* App */ = {
			isa = PBXGroup;
			children = (
				5DAE0C1829BFFEFF00C323E2 /* DalculatorApp.swift */,
				5DAE0C4829C00A8000C323E2 /* AppDelegate.swift */,
				5DAE0C4629C00A7600C323E2 /* WindowDelegate.swift */,
				5DAE0C1A29BFFEFF00C323E2 /* ContentView.swift */,
			);
			path = App;
			sourceTree = "<group>";
		};
		5DAE0C4429C0087300C323E2 /* Resources */ = {
			isa = PBXGroup;
			children = (
				5DAE0C1C29BFFF0200C323E2 /* Assets.xcassets */,
				5DAE0C1F29BFFF0200C323E2 /* Preview Content */,
			);
			path = Resources;
			sourceTree = "<group>";
		};
		5DAE0C4529C008E400C323E2 /* Data */ = {
			isa = PBXGroup;
			children = (
				5DAE0FCA29C0123700C323E2 /* Equipment */,
			);
			path = Data;
			sourceTree = "<group>";
		};
		5DAE0C4A29C00D1700C323E2 /* View */ = {
			isa = PBXGroup;
			children = (
				5DAE0C5629C0101000C323E2 /* MainRootView.swift */,
				5DAE13FD29C015CB00C323E2 /* Home */,
				5DAE13FE29C015CF00C323E2 /* Setting */,
			);
			path = View;
			sourceTree = "<group>";
		};
		5DAE0C4B29C00D2100C323E2 /* Model */ = {
			isa = PBXGroup;
			children = (
				5DAE142929C038FE00C323E2 /* ChampionVO.swift */,
				5DAE143A29C05E9800C323E2 /* ItemVO.swift */,
				5DABFBCC29C421B50062D867 /* ItemSetVO.swift */,
			);
			path = Model;
			sourceTree = "<group>";
		};
		5DAE0C4D29C00DA000C323E2 /* Extension */ = {
			isa = PBXGroup;
			children = (
				5DAE0C4F29C00DD100C323E2 /* SwiftUI+Resources.swift */,
			);
			path = Extension;
			sourceTree = "<group>";
		};
		5DAE0C4E29C00DB100C323E2 /* Service */ = {
			isa = PBXGroup;
			children = (
			);
			path = Service;
			sourceTree = "<group>";
		};
		5DAE0FCA29C0123700C323E2 /* Equipment */ = {
			isa = PBXGroup;
			children = (
				5DAE140A29C02D5200C323E2 /* dfclass.json */,
				5DAE140829C02D2A00C323E2 /* armorbase.json */,
				5DAE140B29C02D5200C323E2 /* items.json */,
				5DAE140F29C02D5200C323E2 /* itemsets.json */,
				5DAE141529C02E3F00C323E2 /* magicProps.json */,
				5DAE140C29C02D5200C323E2 /* sets */,
			);
			path = Equipment;
			sourceTree = "<group>";
		};
		5DAE13FD29C015CB00C323E2 /* Home */ = {
			isa = PBXGroup;
			children = (
				5DAE140129C015DD00C323E2 /* HomeMenuView.swift */,
				5DAE142C29C0396600C323E2 /* Equipment */,
				5DAE143129C03F7300C323E2 /* Blacksmith */,
				5DAE143029C03F6E00C323E2 /* Avatar */,
				5DAE142F29C03F6900C323E2 /* Seal */,
				5DAE142D29C03F6100C323E2 /* Etc */,
			);
			path = Home;
			sourceTree = "<group>";
		};
		5DAE13FE29C015CF00C323E2 /* Setting */ = {
			isa = PBXGroup;
			children = (
				5DAE13FF29C015D800C323E2 /* SettingView.swift */,
			);
			path = Setting;
			sourceTree = "<group>";
		};
		5DAE140329C015F600C323E2 /* Constants */ = {
			isa = PBXGroup;
			children = (
				5DAE140429C0160000C323E2 /* Constants.swift */,
			);
			path = Constants;
			sourceTree = "<group>";
		};
		5DAE140C29C02D5200C323E2 /* sets */ = {
			isa = PBXGroup;
			children = (
				5DAE140D29C02D5200C323E2 /* left.json */,
				5DAE140E29C02D5200C323E2 /* right.json */,
			);
			path = sets;
			sourceTree = "<group>";
		};
		5DAE141929C034F800C323E2 /* Common */ = {
			isa = PBXGroup;
			children = (
				5DAE141B29C0350C00C323E2 /* ShapeStyle.swift */,
				5DAE143629C04B3C00C323E2 /* FileLoader.swift */,
				5DAE144029C157BD00C323E2 /* Convenience.swift */,
				5DABFBC329C4007E0062D867 /* SwiftUI+View.swift */,
			);
			path = Common;
			sourceTree = "<group>";
		};
		5DAE142C29C0396600C323E2 /* Equipment */ = {
			isa = PBXGroup;
			children = (
				5DAE141D29C0366300C323E2 /* EquipmentView.swift */,
				5DABFBC629C404F00062D867 /* ItemListView.swift */,
				5DAE143229C03F9100C323E2 /* EquipmentViewModel.swift */,
			);
			path = Equipment;
			sourceTree = "<group>";
		};
		5DAE142D29C03F6100C323E2 /* Etc */ = {
			isa = PBXGroup;
			children = (
				5DAE142629C0368E00C323E2 /* EtcView.swift */,
			);
			path = Etc;
			sourceTree = "<group>";
		};
		5DAE142F29C03F6900C323E2 /* Seal */ = {
			isa = PBXGroup;
			children = (
				5DAE142429C0368900C323E2 /* SealView.swift */,
			);
			path = Seal;
			sourceTree = "<group>";
		};
		5DAE143029C03F6E00C323E2 /* Avatar */ = {
			isa = PBXGroup;
			children = (
				5DAE142229C0368400C323E2 /* AvatarView.swift */,
			);
			path = Avatar;
			sourceTree = "<group>";
		};
		5DAE143129C03F7300C323E2 /* Blacksmith */ = {
			isa = PBXGroup;
			children = (
				5DAE142029C0367400C323E2 /* BlacksmithView.swift */,
			);
			path = Blacksmith;
			sourceTree = "<group>";
		};
/* End PBXGroup section */

/* Begin PBXNativeTarget section */
		5DAE0C1429BFFEFF00C323E2 /* Dalculator */ = {
			isa = PBXNativeTarget;
			buildConfigurationList = 5DAE0C3A29BFFF0200C323E2 /* Build configuration list for PBXNativeTarget "Dalculator" */;
			buildPhases = (
				5DAE0C1129BFFEFF00C323E2 /* Sources */,
				5DAE0C1229BFFEFF00C323E2 /* Frameworks */,
				5DAE0C1329BFFEFF00C323E2 /* Resources */,
			);
			buildRules = (
			);
			dependencies = (
				5DAE0C5529C00F8400C323E2 /* PBXTargetDependency */,
			);
			name = Dalculator;
			packageProductDependencies = (
				5DAE0C5229C00F5F00C323E2 /* RswiftLibrary */,
				5D834EEB29C1876F000B1FBB /* CodableWrappers */,
			);
			productName = Dalculator;
			productReference = 5DAE0C1529BFFEFF00C323E2 /* Dalculator.app */;
			productType = "com.apple.product-type.application";
		};
		5DAE0C2529BFFF0200C323E2 /* DalculatorTests */ = {
			isa = PBXNativeTarget;
			buildConfigurationList = 5DAE0C3D29BFFF0200C323E2 /* Build configuration list for PBXNativeTarget "DalculatorTests" */;
			buildPhases = (
				5DAE0C2229BFFF0200C323E2 /* Sources */,
				5DAE0C2329BFFF0200C323E2 /* Frameworks */,
				5DAE0C2429BFFF0200C323E2 /* Resources */,
			);
			buildRules = (
			);
			dependencies = (
				5DAE0C2829BFFF0200C323E2 /* PBXTargetDependency */,
			);
			name = DalculatorTests;
			productName = DalculatorTests;
			productReference = 5DAE0C2629BFFF0200C323E2 /* DalculatorTests.xctest */;
			productType = "com.apple.product-type.bundle.unit-test";
		};
		5DAE0C2F29BFFF0200C323E2 /* DalculatorUITests */ = {
			isa = PBXNativeTarget;
			buildConfigurationList = 5DAE0C4029BFFF0200C323E2 /* Build configuration list for PBXNativeTarget "DalculatorUITests" */;
			buildPhases = (
				5DAE0C2C29BFFF0200C323E2 /* Sources */,
				5DAE0C2D29BFFF0200C323E2 /* Frameworks */,
				5DAE0C2E29BFFF0200C323E2 /* Resources */,
			);
			buildRules = (
			);
			dependencies = (
				5DAE0C3229BFFF0200C323E2 /* PBXTargetDependency */,
			);
			name = DalculatorUITests;
			productName = DalculatorUITests;
			productReference = 5DAE0C3029BFFF0200C323E2 /* DalculatorUITests.xctest */;
			productType = "com.apple.product-type.bundle.ui-testing";
		};
/* End PBXNativeTarget section */

/* Begin PBXProject section */
		5DAE0C0D29BFFEFF00C323E2 /* Project object */ = {
			isa = PBXProject;
			attributes = {
				BuildIndependentTargetsInParallel = 1;
				LastSwiftUpdateCheck = 1420;
				LastUpgradeCheck = 1420;
				TargetAttributes = {
					5DAE0C1429BFFEFF00C323E2 = {
						CreatedOnToolsVersion = 14.2;
					};
					5DAE0C2529BFFF0200C323E2 = {
						CreatedOnToolsVersion = 14.2;
						TestTargetID = 5DAE0C1429BFFEFF00C323E2;
					};
					5DAE0C2F29BFFF0200C323E2 = {
						CreatedOnToolsVersion = 14.2;
						TestTargetID = 5DAE0C1429BFFEFF00C323E2;
					};
				};
			};
			buildConfigurationList = 5DAE0C1029BFFEFF00C323E2 /* Build configuration list for PBXProject "Dalculator" */;
			compatibilityVersion = "Xcode 14.0";
			developmentRegion = en;
			hasScannedForEncodings = 0;
			knownRegions = (
				en,
				Base,
			);
			mainGroup = 5DAE0C0C29BFFEFF00C323E2;
			packageReferences = (
				5DAE0C5129C00F5F00C323E2 /* XCRemoteSwiftPackageReference "R" */,
				5D834EEA29C1876F000B1FBB /* XCRemoteSwiftPackageReference "CodableWrappers" */,
			);
			productRefGroup = 5DAE0C1629BFFEFF00C323E2 /* Products */;
			projectDirPath = "";
			projectRoot = "";
			targets = (
				5DAE0C1429BFFEFF00C323E2 /* Dalculator */,
				5DAE0C2529BFFF0200C323E2 /* DalculatorTests */,
				5DAE0C2F29BFFF0200C323E2 /* DalculatorUITests */,
			);
		};
/* End PBXProject section */

/* Begin PBXResourcesBuildPhase section */
		5DAE0C1329BFFEFF00C323E2 /* Resources */ = {
			isa = PBXResourcesBuildPhase;
			buildActionMask = 2147483647;
			files = (
				5DAE141629C02E3F00C323E2 /* magicProps.json in Resources */,
				5DAE141029C02D5200C323E2 /* dfclass.json in Resources */,
				5DAE0C2129BFFF0200C323E2 /* Preview Assets.xcassets in Resources */,
				5DAE141229C02D5200C323E2 /* left.json in Resources */,
				5DAE141429C02D5200C323E2 /* itemsets.json in Resources */,
				5DAE141129C02D5200C323E2 /* items.json in Resources */,
				5DAE140929C02D2A00C323E2 /* armorbase.json in Resources */,
				5DAE0C1D29BFFF0200C323E2 /* Assets.xcassets in Resources */,
				5DAE141329C02D5200C323E2 /* right.json in Resources */,
			);
			runOnlyForDeploymentPostprocessing = 0;
		};
		5DAE0C2429BFFF0200C323E2 /* Resources */ = {
			isa = PBXResourcesBuildPhase;
			buildActionMask = 2147483647;
			files = (
			);
			runOnlyForDeploymentPostprocessing = 0;
		};
		5DAE0C2E29BFFF0200C323E2 /* Resources */ = {
			isa = PBXResourcesBuildPhase;
			buildActionMask = 2147483647;
			files = (
			);
			runOnlyForDeploymentPostprocessing = 0;
		};
/* End PBXResourcesBuildPhase section */

/* Begin PBXSourcesBuildPhase section */
		5DAE0C1129BFFEFF00C323E2 /* Sources */ = {
			isa = PBXSourcesBuildPhase;
			buildActionMask = 2147483647;
			files = (
				5DAE0C4929C00A8000C323E2 /* AppDelegate.swift in Sources */,
				5DAE144129C157BD00C323E2 /* Convenience.swift in Sources */,
				5DAE143329C03F9100C323E2 /* EquipmentViewModel.swift in Sources */,
				5DAE0C4729C00A7600C323E2 /* WindowDelegate.swift in Sources */,
				5DAE0C1B29BFFEFF00C323E2 /* ContentView.swift in Sources */,
				5DAE140029C015D800C323E2 /* SettingView.swift in Sources */,
				5DAE142329C0368400C323E2 /* AvatarView.swift in Sources */,
				5DABFBC729C404F00062D867 /* ItemListView.swift in Sources */,
				5DAE143729C04B3C00C323E2 /* FileLoader.swift in Sources */,
				5DAE141E29C0366300C323E2 /* EquipmentView.swift in Sources */,
				5DAE0C5729C0101000C323E2 /* MainRootView.swift in Sources */,
				5DAE142729C0368E00C323E2 /* EtcView.swift in Sources */,
				5DAE143B29C05E9800C323E2 /* ItemVO.swift in Sources */,
				5DAE140229C015DD00C323E2 /* HomeMenuView.swift in Sources */,
				5DABFBCD29C421B50062D867 /* ItemSetVO.swift in Sources */,
				5DAE0C1929BFFEFF00C323E2 /* DalculatorApp.swift in Sources */,
				5DABFBC429C4007E0062D867 /* SwiftUI+View.swift in Sources */,
				5DAE142129C0367400C323E2 /* BlacksmithView.swift in Sources */,
				5DAE0C5029C00DD100C323E2 /* SwiftUI+Resources.swift in Sources */,
				5DAE140529C0160000C323E2 /* Constants.swift in Sources */,
				5DAE141C29C0350C00C323E2 /* ShapeStyle.swift in Sources */,
				5DAE142529C0368900C323E2 /* SealView.swift in Sources */,
				5DAE142A29C038FE00C323E2 /* ChampionVO.swift in Sources */,
			);
			runOnlyForDeploymentPostprocessing = 0;
		};
		5DAE0C2229BFFF0200C323E2 /* Sources */ = {
			isa = PBXSourcesBuildPhase;
			buildActionMask = 2147483647;
			files = (
				5DAE0C2B29BFFF0200C323E2 /* DalculatorTests.swift in Sources */,
			);
			runOnlyForDeploymentPostprocessing = 0;
		};
		5DAE0C2C29BFFF0200C323E2 /* Sources */ = {
			isa = PBXSourcesBuildPhase;
			buildActionMask = 2147483647;
			files = (
				5DAE0C3529BFFF0200C323E2 /* DalculatorUITests.swift in Sources */,
				5DAE0C3729BFFF0200C323E2 /* DalculatorUITestsLaunchTests.swift in Sources */,
			);
			runOnlyForDeploymentPostprocessing = 0;
		};
/* End PBXSourcesBuildPhase section */

/* Begin PBXTargetDependency section */
		5DAE0C2829BFFF0200C323E2 /* PBXTargetDependency */ = {
			isa = PBXTargetDependency;
			target = 5DAE0C1429BFFEFF00C323E2 /* Dalculator */;
			targetProxy = 5DAE0C2729BFFF0200C323E2 /* PBXContainerItemProxy */;
		};
		5DAE0C3229BFFF0200C323E2 /* PBXTargetDependency */ = {
			isa = PBXTargetDependency;
			target = 5DAE0C1429BFFEFF00C323E2 /* Dalculator */;
			targetProxy = 5DAE0C3129BFFF0200C323E2 /* PBXContainerItemProxy */;
		};
		5DAE0C5529C00F8400C323E2 /* PBXTargetDependency */ = {
			isa = PBXTargetDependency;
			productRef = 5DAE0C5429C00F8400C323E2 /* RswiftGenerateInternalResources */;
		};
/* End PBXTargetDependency section */

/* Begin XCBuildConfiguration section */
		5DAE0C3829BFFF0200C323E2 /* Debug */ = {
			isa = XCBuildConfiguration;
			buildSettings = {
				ALWAYS_SEARCH_USER_PATHS = NO;
				CLANG_ANALYZER_NONNULL = YES;
				CLANG_ANALYZER_NUMBER_OBJECT_CONVERSION = YES_AGGRESSIVE;
				CLANG_CXX_LANGUAGE_STANDARD = "gnu++20";
				CLANG_ENABLE_MODULES = YES;
				CLANG_ENABLE_OBJC_ARC = YES;
				CLANG_ENABLE_OBJC_WEAK = YES;
				CLANG_WARN_BLOCK_CAPTURE_AUTORELEASING = YES;
				CLANG_WARN_BOOL_CONVERSION = YES;
				CLANG_WARN_COMMA = YES;
				CLANG_WARN_CONSTANT_CONVERSION = YES;
				CLANG_WARN_DEPRECATED_OBJC_IMPLEMENTATIONS = YES;
				CLANG_WARN_DIRECT_OBJC_ISA_USAGE = YES_ERROR;
				CLANG_WARN_DOCUMENTATION_COMMENTS = YES;
				CLANG_WARN_EMPTY_BODY = YES;
				CLANG_WARN_ENUM_CONVERSION = YES;
				CLANG_WARN_INFINITE_RECURSION = YES;
				CLANG_WARN_INT_CONVERSION = YES;
				CLANG_WARN_NON_LITERAL_NULL_CONVERSION = YES;
				CLANG_WARN_OBJC_IMPLICIT_RETAIN_SELF = YES;
				CLANG_WARN_OBJC_LITERAL_CONVERSION = YES;
				CLANG_WARN_OBJC_ROOT_CLASS = YES_ERROR;
				CLANG_WARN_QUOTED_INCLUDE_IN_FRAMEWORK_HEADER = YES;
				CLANG_WARN_RANGE_LOOP_ANALYSIS = YES;
				CLANG_WARN_STRICT_PROTOTYPES = YES;
				CLANG_WARN_SUSPICIOUS_MOVE = YES;
				CLANG_WARN_UNGUARDED_AVAILABILITY = YES_AGGRESSIVE;
				CLANG_WARN_UNREACHABLE_CODE = YES;
				CLANG_WARN__DUPLICATE_METHOD_MATCH = YES;
				COPY_PHASE_STRIP = NO;
				DEBUG_INFORMATION_FORMAT = dwarf;
				ENABLE_STRICT_OBJC_MSGSEND = YES;
				ENABLE_TESTABILITY = YES;
				GCC_C_LANGUAGE_STANDARD = gnu11;
				GCC_DYNAMIC_NO_PIC = NO;
				GCC_NO_COMMON_BLOCKS = YES;
				GCC_OPTIMIZATION_LEVEL = 0;
				GCC_PREPROCESSOR_DEFINITIONS = (
					"DEBUG=1",
					"$(inherited)",
				);
				GCC_WARN_64_TO_32_BIT_CONVERSION = YES;
				GCC_WARN_ABOUT_RETURN_TYPE = YES_ERROR;
				GCC_WARN_UNDECLARED_SELECTOR = YES;
				GCC_WARN_UNINITIALIZED_AUTOS = YES_AGGRESSIVE;
				GCC_WARN_UNUSED_FUNCTION = YES;
				GCC_WARN_UNUSED_VARIABLE = YES;
				MTL_ENABLE_DEBUG_INFO = INCLUDE_SOURCE;
				MTL_FAST_MATH = YES;
				ONLY_ACTIVE_ARCH = YES;
				SWIFT_ACTIVE_COMPILATION_CONDITIONS = DEBUG;
				SWIFT_OPTIMIZATION_LEVEL = "-Onone";
			};
			name = Debug;
		};
		5DAE0C3929BFFF0200C323E2 /* Release */ = {
			isa = XCBuildConfiguration;
			buildSettings = {
				ALWAYS_SEARCH_USER_PATHS = NO;
				CLANG_ANALYZER_NONNULL = YES;
				CLANG_ANALYZER_NUMBER_OBJECT_CONVERSION = YES_AGGRESSIVE;
				CLANG_CXX_LANGUAGE_STANDARD = "gnu++20";
				CLANG_ENABLE_MODULES = YES;
				CLANG_ENABLE_OBJC_ARC = YES;
				CLANG_ENABLE_OBJC_WEAK = YES;
				CLANG_WARN_BLOCK_CAPTURE_AUTORELEASING = YES;
				CLANG_WARN_BOOL_CONVERSION = YES;
				CLANG_WARN_COMMA = YES;
				CLANG_WARN_CONSTANT_CONVERSION = YES;
				CLANG_WARN_DEPRECATED_OBJC_IMPLEMENTATIONS = YES;
				CLANG_WARN_DIRECT_OBJC_ISA_USAGE = YES_ERROR;
				CLANG_WARN_DOCUMENTATION_COMMENTS = YES;
				CLANG_WARN_EMPTY_BODY = YES;
				CLANG_WARN_ENUM_CONVERSION = YES;
				CLANG_WARN_INFINITE_RECURSION = YES;
				CLANG_WARN_INT_CONVERSION = YES;
				CLANG_WARN_NON_LITERAL_NULL_CONVERSION = YES;
				CLANG_WARN_OBJC_IMPLICIT_RETAIN_SELF = YES;
				CLANG_WARN_OBJC_LITERAL_CONVERSION = YES;
				CLANG_WARN_OBJC_ROOT_CLASS = YES_ERROR;
				CLANG_WARN_QUOTED_INCLUDE_IN_FRAMEWORK_HEADER = YES;
				CLANG_WARN_RANGE_LOOP_ANALYSIS = YES;
				CLANG_WARN_STRICT_PROTOTYPES = YES;
				CLANG_WARN_SUSPICIOUS_MOVE = YES;
				CLANG_WARN_UNGUARDED_AVAILABILITY = YES_AGGRESSIVE;
				CLANG_WARN_UNREACHABLE_CODE = YES;
				CLANG_WARN__DUPLICATE_METHOD_MATCH = YES;
				COPY_PHASE_STRIP = NO;
				DEBUG_INFORMATION_FORMAT = "dwarf-with-dsym";
				ENABLE_NS_ASSERTIONS = NO;
				ENABLE_STRICT_OBJC_MSGSEND = YES;
				GCC_C_LANGUAGE_STANDARD = gnu11;
				GCC_NO_COMMON_BLOCKS = YES;
				GCC_WARN_64_TO_32_BIT_CONVERSION = YES;
				GCC_WARN_ABOUT_RETURN_TYPE = YES_ERROR;
				GCC_WARN_UNDECLARED_SELECTOR = YES;
				GCC_WARN_UNINITIALIZED_AUTOS = YES_AGGRESSIVE;
				GCC_WARN_UNUSED_FUNCTION = YES;
				GCC_WARN_UNUSED_VARIABLE = YES;
				MTL_ENABLE_DEBUG_INFO = NO;
				MTL_FAST_MATH = YES;
				SWIFT_COMPILATION_MODE = wholemodule;
				SWIFT_OPTIMIZATION_LEVEL = "-O";
			};
			name = Release;
		};
		5DAE0C3B29BFFF0200C323E2 /* Debug */ = {
			isa = XCBuildConfiguration;
			buildSettings = {
				ASSETCATALOG_COMPILER_APPICON_NAME = AppIcon;
				ASSETCATALOG_COMPILER_GLOBAL_ACCENT_COLOR_NAME = AccentColor;
				CODE_SIGN_ENTITLEMENTS = Dalculator/Dalculator.entitlements;
				CODE_SIGN_STYLE = Automatic;
				CURRENT_PROJECT_VERSION = 1;
				DEVELOPMENT_ASSET_PATHS = "\"Dalculator/Resources/Preview Content\"";
				DEVELOPMENT_TEAM = Y3SM86Y3Q4;
				ENABLE_HARDENED_RUNTIME = YES;
				ENABLE_PREVIEWS = YES;
				GENERATE_INFOPLIST_FILE = YES;
				INFOPLIST_FILE = Dalculator/Info.plist;
				"INFOPLIST_KEY_UIApplicationSceneManifest_Generation[sdk=iphoneos*]" = YES;
				"INFOPLIST_KEY_UIApplicationSceneManifest_Generation[sdk=iphonesimulator*]" = YES;
				"INFOPLIST_KEY_UIApplicationSupportsIndirectInputEvents[sdk=iphoneos*]" = YES;
				"INFOPLIST_KEY_UIApplicationSupportsIndirectInputEvents[sdk=iphonesimulator*]" = YES;
				"INFOPLIST_KEY_UILaunchScreen_Generation[sdk=iphoneos*]" = YES;
				"INFOPLIST_KEY_UILaunchScreen_Generation[sdk=iphonesimulator*]" = YES;
				"INFOPLIST_KEY_UIStatusBarStyle[sdk=iphoneos*]" = UIStatusBarStyleDefault;
				"INFOPLIST_KEY_UIStatusBarStyle[sdk=iphonesimulator*]" = UIStatusBarStyleDefault;
				INFOPLIST_KEY_UISupportedInterfaceOrientations_iPad = "UIInterfaceOrientationPortrait UIInterfaceOrientationPortraitUpsideDown UIInterfaceOrientationLandscapeLeft UIInterfaceOrientationLandscapeRight";
				INFOPLIST_KEY_UISupportedInterfaceOrientations_iPhone = "UIInterfaceOrientationPortrait UIInterfaceOrientationLandscapeLeft UIInterfaceOrientationLandscapeRight";
				IPHONEOS_DEPLOYMENT_TARGET = 15.0;
				LD_RUNPATH_SEARCH_PATHS = "@executable_path/Frameworks";
				"LD_RUNPATH_SEARCH_PATHS[sdk=macosx*]" = "@executable_path/../Frameworks";
				MACOSX_DEPLOYMENT_TARGET = 13.1;
				MARKETING_VERSION = 1.0;
				PRODUCT_BUNDLE_IDENTIFIER = kr.co.iquest.Dalculator;
				PRODUCT_NAME = "$(TARGET_NAME)";
				SDKROOT = auto;
				SUPPORTED_PLATFORMS = "iphoneos iphonesimulator macosx";
				SWIFT_EMIT_LOC_STRINGS = YES;
				SWIFT_VERSION = 5.0;
				TARGETED_DEVICE_FAMILY = "1,2";
			};
			name = Debug;
		};
		5DAE0C3C29BFFF0200C323E2 /* Release */ = {
			isa = XCBuildConfiguration;
			buildSettings = {
				ASSETCATALOG_COMPILER_APPICON_NAME = AppIcon;
				ASSETCATALOG_COMPILER_GLOBAL_ACCENT_COLOR_NAME = AccentColor;
				CODE_SIGN_ENTITLEMENTS = Dalculator/Dalculator.entitlements;
				CODE_SIGN_STYLE = Automatic;
				CURRENT_PROJECT_VERSION = 1;
				DEVELOPMENT_ASSET_PATHS = "\"Dalculator/Resources/Preview Content\"";
				DEVELOPMENT_TEAM = Y3SM86Y3Q4;
				ENABLE_HARDENED_RUNTIME = YES;
				ENABLE_PREVIEWS = YES;
				GENERATE_INFOPLIST_FILE = YES;
				INFOPLIST_FILE = Dalculator/Info.plist;
				"INFOPLIST_KEY_UIApplicationSceneManifest_Generation[sdk=iphoneos*]" = YES;
				"INFOPLIST_KEY_UIApplicationSceneManifest_Generation[sdk=iphonesimulator*]" = YES;
				"INFOPLIST_KEY_UIApplicationSupportsIndirectInputEvents[sdk=iphoneos*]" = YES;
				"INFOPLIST_KEY_UIApplicationSupportsIndirectInputEvents[sdk=iphonesimulator*]" = YES;
				"INFOPLIST_KEY_UILaunchScreen_Generation[sdk=iphoneos*]" = YES;
				"INFOPLIST_KEY_UILaunchScreen_Generation[sdk=iphonesimulator*]" = YES;
				"INFOPLIST_KEY_UIStatusBarStyle[sdk=iphoneos*]" = UIStatusBarStyleDefault;
				"INFOPLIST_KEY_UIStatusBarStyle[sdk=iphonesimulator*]" = UIStatusBarStyleDefault;
				INFOPLIST_KEY_UISupportedInterfaceOrientations_iPad = "UIInterfaceOrientationPortrait UIInterfaceOrientationPortraitUpsideDown UIInterfaceOrientationLandscapeLeft UIInterfaceOrientationLandscapeRight";
				INFOPLIST_KEY_UISupportedInterfaceOrientations_iPhone = "UIInterfaceOrientationPortrait UIInterfaceOrientationLandscapeLeft UIInterfaceOrientationLandscapeRight";
				IPHONEOS_DEPLOYMENT_TARGET = 15.0;
				LD_RUNPATH_SEARCH_PATHS = "@executable_path/Frameworks";
				"LD_RUNPATH_SEARCH_PATHS[sdk=macosx*]" = "@executable_path/../Frameworks";
				MACOSX_DEPLOYMENT_TARGET = 13.1;
				MARKETING_VERSION = 1.0;
				PRODUCT_BUNDLE_IDENTIFIER = kr.co.iquest.Dalculator;
				PRODUCT_NAME = "$(TARGET_NAME)";
				SDKROOT = auto;
				SUPPORTED_PLATFORMS = "iphoneos iphonesimulator macosx";
				SWIFT_EMIT_LOC_STRINGS = YES;
				SWIFT_VERSION = 5.0;
				TARGETED_DEVICE_FAMILY = "1,2";
			};
			name = Release;
		};
		5DAE0C3E29BFFF0200C323E2 /* Debug */ = {
			isa = XCBuildConfiguration;
			buildSettings = {
				ALWAYS_EMBED_SWIFT_STANDARD_LIBRARIES = YES;
				BUNDLE_LOADER = "$(TEST_HOST)";
				CODE_SIGN_STYLE = Automatic;
				CURRENT_PROJECT_VERSION = 1;
				DEVELOPMENT_TEAM = Y3SM86Y3Q4;
				GENERATE_INFOPLIST_FILE = YES;
				IPHONEOS_DEPLOYMENT_TARGET = 16.2;
				MACOSX_DEPLOYMENT_TARGET = 13.1;
				MARKETING_VERSION = 1.0;
				PRODUCT_BUNDLE_IDENTIFIER = kr.co.iquest.DalculatorTests;
				PRODUCT_NAME = "$(TARGET_NAME)";
				SDKROOT = auto;
				SUPPORTED_PLATFORMS = "iphoneos iphonesimulator macosx";
				SWIFT_EMIT_LOC_STRINGS = NO;
				SWIFT_VERSION = 5.0;
				TARGETED_DEVICE_FAMILY = "1,2";
				TEST_HOST = "$(BUILT_PRODUCTS_DIR)/Dalculator.app/$(BUNDLE_EXECUTABLE_FOLDER_PATH)/Dalculator";
			};
			name = Debug;
		};
		5DAE0C3F29BFFF0200C323E2 /* Release */ = {
			isa = XCBuildConfiguration;
			buildSettings = {
				ALWAYS_EMBED_SWIFT_STANDARD_LIBRARIES = YES;
				BUNDLE_LOADER = "$(TEST_HOST)";
				CODE_SIGN_STYLE = Automatic;
				CURRENT_PROJECT_VERSION = 1;
				DEVELOPMENT_TEAM = Y3SM86Y3Q4;
				GENERATE_INFOPLIST_FILE = YES;
				IPHONEOS_DEPLOYMENT_TARGET = 16.2;
				MACOSX_DEPLOYMENT_TARGET = 13.1;
				MARKETING_VERSION = 1.0;
				PRODUCT_BUNDLE_IDENTIFIER = kr.co.iquest.DalculatorTests;
				PRODUCT_NAME = "$(TARGET_NAME)";
				SDKROOT = auto;
				SUPPORTED_PLATFORMS = "iphoneos iphonesimulator macosx";
				SWIFT_EMIT_LOC_STRINGS = NO;
				SWIFT_VERSION = 5.0;
				TARGETED_DEVICE_FAMILY = "1,2";
				TEST_HOST = "$(BUILT_PRODUCTS_DIR)/Dalculator.app/$(BUNDLE_EXECUTABLE_FOLDER_PATH)/Dalculator";
			};
			name = Release;
		};
		5DAE0C4129BFFF0200C323E2 /* Debug */ = {
			isa = XCBuildConfiguration;
			buildSettings = {
				ALWAYS_EMBED_SWIFT_STANDARD_LIBRARIES = YES;
				CODE_SIGN_STYLE = Automatic;
				CURRENT_PROJECT_VERSION = 1;
				DEVELOPMENT_TEAM = Y3SM86Y3Q4;
				GENERATE_INFOPLIST_FILE = YES;
				IPHONEOS_DEPLOYMENT_TARGET = 16.2;
				MACOSX_DEPLOYMENT_TARGET = 13.1;
				MARKETING_VERSION = 1.0;
				PRODUCT_BUNDLE_IDENTIFIER = kr.co.iquest.DalculatorUITests;
				PRODUCT_NAME = "$(TARGET_NAME)";
				SDKROOT = auto;
				SUPPORTED_PLATFORMS = "iphoneos iphonesimulator macosx";
				SWIFT_EMIT_LOC_STRINGS = NO;
				SWIFT_VERSION = 5.0;
				TARGETED_DEVICE_FAMILY = "1,2";
				TEST_TARGET_NAME = Dalculator;
			};
			name = Debug;
		};
		5DAE0C4229BFFF0200C323E2 /* Release */ = {
			isa = XCBuildConfiguration;
			buildSettings = {
				ALWAYS_EMBED_SWIFT_STANDARD_LIBRARIES = YES;
				CODE_SIGN_STYLE = Automatic;
				CURRENT_PROJECT_VERSION = 1;
				DEVELOPMENT_TEAM = Y3SM86Y3Q4;
				GENERATE_INFOPLIST_FILE = YES;
				IPHONEOS_DEPLOYMENT_TARGET = 16.2;
				MACOSX_DEPLOYMENT_TARGET = 13.1;
				MARKETING_VERSION = 1.0;
				PRODUCT_BUNDLE_IDENTIFIER = kr.co.iquest.DalculatorUITests;
				PRODUCT_NAME = "$(TARGET_NAME)";
				SDKROOT = auto;
				SUPPORTED_PLATFORMS = "iphoneos iphonesimulator macosx";
				SWIFT_EMIT_LOC_STRINGS = NO;
				SWIFT_VERSION = 5.0;
				TARGETED_DEVICE_FAMILY = "1,2";
				TEST_TARGET_NAME = Dalculator;
			};
			name = Release;
		};
/* End XCBuildConfiguration section */

/* Begin XCConfigurationList section */
		5DAE0C1029BFFEFF00C323E2 /* Build configuration list for PBXProject "Dalculator" */ = {
			isa = XCConfigurationList;
			buildConfigurations = (
				5DAE0C3829BFFF0200C323E2 /* Debug */,
				5DAE0C3929BFFF0200C323E2 /* Release */,
			);
			defaultConfigurationIsVisible = 0;
			defaultConfigurationName = Release;
		};
		5DAE0C3A29BFFF0200C323E2 /* Build configuration list for PBXNativeTarget "Dalculator" */ = {
			isa = XCConfigurationList;
			buildConfigurations = (
				5DAE0C3B29BFFF0200C323E2 /* Debug */,
				5DAE0C3C29BFFF0200C323E2 /* Release */,
			);
			defaultConfigurationIsVisible = 0;
			defaultConfigurationName = Release;
		};
		5DAE0C3D29BFFF0200C323E2 /* Build configuration list for PBXNativeTarget "DalculatorTests" */ = {
			isa = XCConfigurationList;
			buildConfigurations = (
				5DAE0C3E29BFFF0200C323E2 /* Debug */,
				5DAE0C3F29BFFF0200C323E2 /* Release */,
			);
			defaultConfigurationIsVisible = 0;
			defaultConfigurationName = Release;
		};
		5DAE0C4029BFFF0200C323E2 /* Build configuration list for PBXNativeTarget "DalculatorUITests" */ = {
			isa = XCConfigurationList;
			buildConfigurations = (
				5DAE0C4129BFFF0200C323E2 /* Debug */,
				5DAE0C4229BFFF0200C323E2 /* Release */,
			);
			defaultConfigurationIsVisible = 0;
			defaultConfigurationName = Release;
		};
/* End XCConfigurationList section */

/* Begin XCRemoteSwiftPackageReference section */
		5D834EEA29C1876F000B1FBB /* XCRemoteSwiftPackageReference "CodableWrappers" */ = {
			isa = XCRemoteSwiftPackageReference;
			repositoryURL = "https://github.com/GottaGetSwifty/CodableWrappers";
			requirement = {
				kind = upToNextMajorVersion;
				minimumVersion = 2.0.0;
			};
		};
		5DAE0C5129C00F5F00C323E2 /* XCRemoteSwiftPackageReference "R" */ = {
			isa = XCRemoteSwiftPackageReference;
			repositoryURL = "https://github.com/mac-cain13/R.swift";
			requirement = {
				branch = master;
				kind = branch;
			};
		};
/* End XCRemoteSwiftPackageReference section */

/* Begin XCSwiftPackageProductDependency section */
		5D834EEB29C1876F000B1FBB /* CodableWrappers */ = {
			isa = XCSwiftPackageProductDependency;
			package = 5D834EEA29C1876F000B1FBB /* XCRemoteSwiftPackageReference "CodableWrappers" */;
			productName = CodableWrappers;
		};
		5DAE0C5229C00F5F00C323E2 /* RswiftLibrary */ = {
			isa = XCSwiftPackageProductDependency;
			package = 5DAE0C5129C00F5F00C323E2 /* XCRemoteSwiftPackageReference "R" */;
			productName = RswiftLibrary;
		};
		5DAE0C5429C00F8400C323E2 /* RswiftGenerateInternalResources */ = {
			isa = XCSwiftPackageProductDependency;
			productName = "plugin:RswiftGenerateInternalResources";
		};
/* End XCSwiftPackageProductDependency section */
	};
	rootObject = 5DAE0C0D29BFFEFF00C323E2 /* Project object */;
}
